{
  "name": "sot-route-planner",
  "version": "1.0.0",
  "lockfileVersion": 1,
  "requires": true,
  "dependencies": {
    "js-combinatorics": {
      "version": "1.5.4",
      "resolved": "https://registry.npmjs.org/js-combinatorics/-/js-combinatorics-1.5.4.tgz",
      "integrity": "sha512-RpJ15pyuged8J5FNR/RrCxel53mcTmpmERa9fmN/IujwCQJ3AoiymWvwzqU63/CIUMB94s1/t0u78696c4eEfw=="
    }
  }
}
